
Microsoft Visual Studio Solution File, Format Version 12.00
# Visual Studio 15
VisualStudioVersion = 15.0.27703.2035
MinimumVisualStudioVersion = 10.0.40219.1
Project("{FAE04EC0-301F-11D3-BF4B-00C04F79EFBC}") = "prediction-validation", "prediction-validation\prediction-validation.csproj", "{FC4A17C9-8877-4EE2-B5D4-26DA448ACB58}"
EndProject
Project("{54435603-DBB4-11D2-8724-00A0C9A8B90C}") = "validation", "validation\validation.vdproj", "{6D81D080-91D6-4488-B383-52DA544AC726}"
EndProject
Global
	GlobalSection(SolutionConfigurationPlatforms) = preSolution
		Debug|Any CPU = Debug|Any CPU
		Release|Any CPU = Release|Any CPU
	EndGlobalSection
	GlobalSection(ProjectConfigurationPlatforms) = postSolution
		{FC4A17C9-8877-4EE2-B5D4-26DA448ACB58}.Debug|Any CPU.ActiveCfg = Debug|Any CPU
		{FC4A17C9-8877-4EE2-B5D4-26DA448ACB58}.Debug|Any CPU.Build.0 = Debug|Any CPU
		{FC4A17C9-8877-4EE2-B5D4-26DA448ACB58}.Release|Any CPU.ActiveCfg = Release|Any CPU
		{FC4A17C9-8877-4EE2-B5D4-26DA448ACB58}.Release|Any CPU.Build.0 = Release|Any CPU
		{6D81D080-91D6-4488-B383-52DA544AC726}.Debug|Any CPU.ActiveCfg = Debug
		{6D81D080-91D6-4488-B383-52DA544AC726}.Release|Any CPU.ActiveCfg = Release
	EndGlobalSection
	GlobalSection(SolutionProperties) = preSolution
		HideSolutionNode = FALSE
	EndGlobalSection
	GlobalSection(ExtensibilityGlobals) = postSolution
		SolutionGuid = {6BD177AC-BBDB-46C6-920F-FDACF039E560}
	EndGlobalSection
EndGlobal
